// !$*UTF8*$!
{
	archiveVersion = 1;
	classes = {
	};
	objectVersion = 50;
	objects = {

/* Begin PBXBuildFile section */
		02F3C22668A9C1A440023DF3 /* Pods_TechMonsterOnline.framework in Frameworks */ = {isa = PBXBuildFile; fileRef = D27BB58506511FFE64F6E110 /* Pods_TechMonsterOnline.framework */; };
		664ADE0B2327C2C30034AECC /* AppDelegate.swift in Sources */ = {isa = PBXBuildFile; fileRef = 664ADE0A2327C2C30034AECC /* AppDelegate.swift */; };
		664ADE102327C2C30034AECC /* Main.storyboard in Resources */ = {isa = PBXBuildFile; fileRef = 664ADE0E2327C2C30034AECC /* Main.storyboard */; };
		664ADE132327C2C30034AECC /* TechMonsterOnline.xcdatamodeld in Sources */ = {isa = PBXBuildFile; fileRef = 664ADE112327C2C30034AECC /* TechMonsterOnline.xcdatamodeld */; };
		664ADE152327C2C60034AECC /* Assets.xcassets in Resources */ = {isa = PBXBuildFile; fileRef = 664ADE142327C2C60034AECC /* Assets.xcassets */; };
		664ADE182327C2C70034AECC /* LaunchScreen.storyboard in Resources */ = {isa = PBXBuildFile; fileRef = 664ADE162327C2C70034AECC /* LaunchScreen.storyboard */; };
		664ADE232327C2C70034AECC /* TechMonsterOnlineTests.swift in Sources */ = {isa = PBXBuildFile; fileRef = 664ADE222327C2C70034AECC /* TechMonsterOnlineTests.swift */; };
		664ADE2E2327C2C70034AECC /* TechMonsterOnlineUITests.swift in Sources */ = {isa = PBXBuildFile; fileRef = 664ADE2D2327C2C70034AECC /* TechMonsterOnlineUITests.swift */; };
		664ADE572327C55E0034AECC /* lobby.png in Resources */ = {isa = PBXBuildFile; fileRef = 664ADE3E2327C55E0034AECC /* lobby.png */; };
		664ADE582327C55E0034AECC /* battlebg.png in Resources */ = {isa = PBXBuildFile; fileRef = 664ADE3F2327C55E0034AECC /* battlebg.png */; };
		664ADE592327C55E0034AECC /* bgimage.jpg in Resources */ = {isa = PBXBuildFile; fileRef = 664ADE402327C55E0034AECC /* bgimage.jpg */; };
		664ADE5B2327C55E0034AECC /* waku.png in Resources */ = {isa = PBXBuildFile; fileRef = 664ADE422327C55E0034AECC /* waku.png */; };
		664ADE5C2327C55E0034AECC /* gold_button.png in Resources */ = {isa = PBXBuildFile; fileRef = 664ADE432327C55E0034AECC /* gold_button.png */; };
		664ADE5D2327C55E0034AECC /* yusya.png in Resources */ = {isa = PBXBuildFile; fileRef = 664ADE442327C55E0034AECC /* yusya.png */; };
		664ADE5E2327C55E0034AECC /* monster.png in Resources */ = {isa = PBXBuildFile; fileRef = 664ADE452327C55E0034AECC /* monster.png */; };
		664ADE602327C55E0034AECC /* TechMonManager.swift in Sources */ = {isa = PBXBuildFile; fileRef = 664ADE482327C55E0034AECC /* TechMonManager.swift */; };
		664ADE612327C55E0034AECC /* PlayerModel.swift in Sources */ = {isa = PBXBuildFile; fileRef = 664ADE492327C55E0034AECC /* PlayerModel.swift */; };
		664ADE622327C55E0034AECC /* SE_fanfare.mp3 in Resources */ = {isa = PBXBuildFile; fileRef = 664ADE4B2327C55E0034AECC /* SE_fanfare.mp3 */; };
		664ADE632327C55E0034AECC /* BGM_battle001.mp3 in Resources */ = {isa = PBXBuildFile; fileRef = 664ADE4C2327C55E0034AECC /* BGM_battle001.mp3 */; };
		664ADE652327C55E0034AECC /* SE_fire.mp3 in Resources */ = {isa = PBXBuildFile; fileRef = 664ADE4E2327C55E0034AECC /* SE_fire.mp3 */; };
		664ADE662327C55E0034AECC /* SE_attack.mp3 in Resources */ = {isa = PBXBuildFile; fileRef = 664ADE4F2327C55E0034AECC /* SE_attack.mp3 */; };
		664ADE672327C55E0034AECC /* SE_gameover.mp3 in Resources */ = {isa = PBXBuildFile; fileRef = 664ADE502327C55E0034AECC /* SE_gameover.mp3 */; };
		664ADE682327C55E0034AECC /* SE_charge.mp3 in Resources */ = {isa = PBXBuildFile; fileRef = 664ADE512327C55E0034AECC /* SE_charge.mp3 */; };
		664ADE692327C55E0034AECC /* lobby.mp3 in Resources */ = {isa = PBXBuildFile; fileRef = 664ADE522327C55E0034AECC /* lobby.mp3 */; };
		664ADE6B2327C55E0034AECC /* misaki_gothic.ttf in Resources */ = {isa = PBXBuildFile; fileRef = 664ADE552327C55E0034AECC /* misaki_gothic.ttf */; };
		664ADE6D2327CCE70034AECC /* LobbyViewController.swift in Sources */ = {isa = PBXBuildFile; fileRef = 664ADE6C2327CCE70034AECC /* LobbyViewController.swift */; };
		664ADE6F2327CCFE0034AECC /* BattleViewController.swift in Sources */ = {isa = PBXBuildFile; fileRef = 664ADE6E2327CCFE0034AECC /* BattleViewController.swift */; };
		668375FD232A913000FF8121 /* GoogleService-Info.plist in Resources */ = {isa = PBXBuildFile; fileRef = 668375FC232A913000FF8121 /* GoogleService-Info.plist */; };
		668F168E2335C28900F4F818 /* DBCommunicationManager.swift in Sources */ = {isa = PBXBuildFile; fileRef = 668F168D2335C28900F4F818 /* DBCommunicationManager.swift */; };
		668F16902335D68300F4F818 /* MyPlayer.swift in Sources */ = {isa = PBXBuildFile; fileRef = 668F168F2335D68300F4F818 /* MyPlayer.swift */; };
		668F16922335FFE600F4F818 /* BattleManager.swift in Sources */ = {isa = PBXBuildFile; fileRef = 668F16912335FFE600F4F818 /* BattleManager.swift */; };
		E07F34FC2067F558B09227A9 /* Pods_TechMonsterOnlineUITests.framework in Frameworks */ = {isa = PBXBuildFile; fileRef = 93069BB3982EE1B8F787666E /* Pods_TechMonsterOnlineUITests.framework */; };
		F1EA5F63333023C81A9151CF /* Pods_TechMonsterOnlineTests.framework in Frameworks */ = {isa = PBXBuildFile; fileRef = 36D5E54A646FE74DDC509750 /* Pods_TechMonsterOnlineTests.framework */; };
/* End PBXBuildFile section */

/* Begin PBXContainerItemProxy section */
		664ADE1F2327C2C70034AECC /* PBXContainerItemProxy */ = {
			isa = PBXContainerItemProxy;
			containerPortal = 664ADDFF2327C2C30034AECC /* Project object */;
			proxyType = 1;
			remoteGlobalIDString = 664ADE062327C2C30034AECC;
			remoteInfo = TechMonsterOnline;
		};
		664ADE2A2327C2C70034AECC /* PBXContainerItemProxy */ = {
			isa = PBXContainerItemProxy;
			containerPortal = 664ADDFF2327C2C30034AECC /* Project object */;
			proxyType = 1;
			remoteGlobalIDString = 664ADE062327C2C30034AECC;
			remoteInfo = TechMonsterOnline;
		};
/* End PBXContainerItemProxy section */

/* Begin PBXFileReference section */
		25CC40EE3922376B11927F8F /* Pods-TechMonsterOnline.debug.xcconfig */ = {isa = PBXFileReference; includeInIndex = 1; lastKnownFileType = text.xcconfig; name = "Pods-TechMonsterOnline.debug.xcconfig"; path = "Pods/Target Support Files/Pods-TechMonsterOnline/Pods-TechMonsterOnline.debug.xcconfig"; sourceTree = "<group>"; };
		36D5E54A646FE74DDC509750 /* Pods_TechMonsterOnlineTests.framework */ = {isa = PBXFileReference; explicitFileType = wrapper.framework; includeInIndex = 0; path = Pods_TechMonsterOnlineTests.framework; sourceTree = BUILT_PRODUCTS_DIR; };
		391A887FEED86C4757F9FEEE /* Pods-TechMonsterOnlineTests.debug.xcconfig */ = {isa = PBXFileReference; includeInIndex = 1; lastKnownFileType = text.xcconfig; name = "Pods-TechMonsterOnlineTests.debug.xcconfig"; path = "Pods/Target Support Files/Pods-TechMonsterOnlineTests/Pods-TechMonsterOnlineTests.debug.xcconfig"; sourceTree = "<group>"; };
		664ADE072327C2C30034AECC /* TechMonsterOnline.app */ = {isa = PBXFileReference; explicitFileType = wrapper.application; includeInIndex = 0; path = TechMonsterOnline.app; sourceTree = BUILT_PRODUCTS_DIR; };
		664ADE0A2327C2C30034AECC /* AppDelegate.swift */ = {isa = PBXFileReference; lastKnownFileType = sourcecode.swift; path = AppDelegate.swift; sourceTree = "<group>"; };
		664ADE0F2327C2C30034AECC /* Base */ = {isa = PBXFileReference; lastKnownFileType = file.storyboard; name = Base; path = Base.lproj/Main.storyboard; sourceTree = "<group>"; };
		664ADE122327C2C30034AECC /* TechMonsterOnline.xcdatamodel */ = {isa = PBXFileReference; lastKnownFileType = wrapper.xcdatamodel; path = TechMonsterOnline.xcdatamodel; sourceTree = "<group>"; };
		664ADE142327C2C60034AECC /* Assets.xcassets */ = {isa = PBXFileReference; lastKnownFileType = folder.assetcatalog; path = Assets.xcassets; sourceTree = "<group>"; };
		664ADE172327C2C70034AECC /* Base */ = {isa = PBXFileReference; lastKnownFileType = file.storyboard; name = Base; path = Base.lproj/LaunchScreen.storyboard; sourceTree = "<group>"; };
		664ADE192327C2C70034AECC /* Info.plist */ = {isa = PBXFileReference; lastKnownFileType = text.plist.xml; path = Info.plist; sourceTree = "<group>"; };
		664ADE1E2327C2C70034AECC /* TechMonsterOnlineTests.xctest */ = {isa = PBXFileReference; explicitFileType = wrapper.cfbundle; includeInIndex = 0; path = TechMonsterOnlineTests.xctest; sourceTree = BUILT_PRODUCTS_DIR; };
		664ADE222327C2C70034AECC /* TechMonsterOnlineTests.swift */ = {isa = PBXFileReference; lastKnownFileType = sourcecode.swift; path = TechMonsterOnlineTests.swift; sourceTree = "<group>"; };
		664ADE242327C2C70034AECC /* Info.plist */ = {isa = PBXFileReference; lastKnownFileType = text.plist.xml; path = Info.plist; sourceTree = "<group>"; };
		664ADE292327C2C70034AECC /* TechMonsterOnlineUITests.xctest */ = {isa = PBXFileReference; explicitFileType = wrapper.cfbundle; includeInIndex = 0; path = TechMonsterOnlineUITests.xctest; sourceTree = BUILT_PRODUCTS_DIR; };
		664ADE2D2327C2C70034AECC /* TechMonsterOnlineUITests.swift */ = {isa = PBXFileReference; lastKnownFileType = sourcecode.swift; path = TechMonsterOnlineUITests.swift; sourceTree = "<group>"; };
		664ADE2F2327C2C70034AECC /* Info.plist */ = {isa = PBXFileReference; lastKnownFileType = text.plist.xml; path = Info.plist; sourceTree = "<group>"; };
		664ADE3E2327C55E0034AECC /* lobby.png */ = {isa = PBXFileReference; lastKnownFileType = image.png; path = lobby.png; sourceTree = "<group>"; };
		664ADE3F2327C55E0034AECC /* battlebg.png */ = {isa = PBXFileReference; lastKnownFileType = image.png; path = battlebg.png; sourceTree = "<group>"; };
		664ADE402327C55E0034AECC /* bgimage.jpg */ = {isa = PBXFileReference; lastKnownFileType = image.jpeg; path = bgimage.jpg; sourceTree = "<group>"; };
		664ADE422327C55E0034AECC /* waku.png */ = {isa = PBXFileReference; lastKnownFileType = image.png; path = waku.png; sourceTree = "<group>"; };
		664ADE432327C55E0034AECC /* gold_button.png */ = {isa = PBXFileReference; lastKnownFileType = image.png; path = gold_button.png; sourceTree = "<group>"; };
		664ADE442327C55E0034AECC /* yusya.png */ = {isa = PBXFileReference; lastKnownFileType = image.png; path = yusya.png; sourceTree = "<group>"; };
		664ADE452327C55E0034AECC /* monster.png */ = {isa = PBXFileReference; lastKnownFileType = image.png; path = monster.png; sourceTree = "<group>"; };
		664ADE482327C55E0034AECC /* TechMonManager.swift */ = {isa = PBXFileReference; fileEncoding = 4; lastKnownFileType = sourcecode.swift; path = TechMonManager.swift; sourceTree = "<group>"; };
		664ADE492327C55E0034AECC /* PlayerModel.swift */ = {isa = PBXFileReference; fileEncoding = 4; lastKnownFileType = sourcecode.swift; path = PlayerModel.swift; sourceTree = "<group>"; };
		664ADE4B2327C55E0034AECC /* SE_fanfare.mp3 */ = {isa = PBXFileReference; lastKnownFileType = audio.mp3; path = SE_fanfare.mp3; sourceTree = "<group>"; };
		664ADE4C2327C55E0034AECC /* BGM_battle001.mp3 */ = {isa = PBXFileReference; lastKnownFileType = audio.mp3; path = BGM_battle001.mp3; sourceTree = "<group>"; };
		664ADE4E2327C55E0034AECC /* SE_fire.mp3 */ = {isa = PBXFileReference; lastKnownFileType = audio.mp3; path = SE_fire.mp3; sourceTree = "<group>"; };
		664ADE4F2327C55E0034AECC /* SE_attack.mp3 */ = {isa = PBXFileReference; lastKnownFileType = audio.mp3; path = SE_attack.mp3; sourceTree = "<group>"; };
		664ADE502327C55E0034AECC /* SE_gameover.mp3 */ = {isa = PBXFileReference; lastKnownFileType = audio.mp3; path = SE_gameover.mp3; sourceTree = "<group>"; };
		664ADE512327C55E0034AECC /* SE_charge.mp3 */ = {isa = PBXFileReference; lastKnownFileType = audio.mp3; path = SE_charge.mp3; sourceTree = "<group>"; };
		664ADE522327C55E0034AECC /* lobby.mp3 */ = {isa = PBXFileReference; lastKnownFileType = audio.mp3; path = lobby.mp3; sourceTree = "<group>"; };
		664ADE552327C55E0034AECC /* misaki_gothic.ttf */ = {isa = PBXFileReference; lastKnownFileType = file; path = misaki_gothic.ttf; sourceTree = "<group>"; };
		664ADE6C2327CCE70034AECC /* LobbyViewController.swift */ = {isa = PBXFileReference; lastKnownFileType = sourcecode.swift; path = LobbyViewController.swift; sourceTree = "<group>"; };
		664ADE6E2327CCFE0034AECC /* BattleViewController.swift */ = {isa = PBXFileReference; lastKnownFileType = sourcecode.swift; path = BattleViewController.swift; sourceTree = "<group>"; };
		668375FC232A913000FF8121 /* GoogleService-Info.plist */ = {isa = PBXFileReference; fileEncoding = 4; lastKnownFileType = text.plist.xml; path = "GoogleService-Info.plist"; sourceTree = "<group>"; };
		668F168D2335C28900F4F818 /* DBCommunicationManager.swift */ = {isa = PBXFileReference; lastKnownFileType = sourcecode.swift; path = DBCommunicationManager.swift; sourceTree = "<group>"; };
		668F168F2335D68300F4F818 /* MyPlayer.swift */ = {isa = PBXFileReference; lastKnownFileType = sourcecode.swift; path = MyPlayer.swift; sourceTree = "<group>"; };
		668F16912335FFE600F4F818 /* BattleManager.swift */ = {isa = PBXFileReference; lastKnownFileType = sourcecode.swift; path = BattleManager.swift; sourceTree = "<group>"; };
		8C022CD27EA9A3551969C424 /* Pods-TechMonsterOnlineTests.release.xcconfig */ = {isa = PBXFileReference; includeInIndex = 1; lastKnownFileType = text.xcconfig; name = "Pods-TechMonsterOnlineTests.release.xcconfig"; path = "Pods/Target Support Files/Pods-TechMonsterOnlineTests/Pods-TechMonsterOnlineTests.release.xcconfig"; sourceTree = "<group>"; };
		93069BB3982EE1B8F787666E /* Pods_TechMonsterOnlineUITests.framework */ = {isa = PBXFileReference; explicitFileType = wrapper.framework; includeInIndex = 0; path = Pods_TechMonsterOnlineUITests.framework; sourceTree = BUILT_PRODUCTS_DIR; };
		977E452849E8BCD273DE3283 /* Pods-TechMonsterOnlineUITests.debug.xcconfig */ = {isa = PBXFileReference; includeInIndex = 1; lastKnownFileType = text.xcconfig; name = "Pods-TechMonsterOnlineUITests.debug.xcconfig"; path = "Pods/Target Support Files/Pods-TechMonsterOnlineUITests/Pods-TechMonsterOnlineUITests.debug.xcconfig"; sourceTree = "<group>"; };
		AFF3F1F3E1874E82ADB634E1 /* Pods-TechMonsterOnlineUITests.release.xcconfig */ = {isa = PBXFileReference; includeInIndex = 1; lastKnownFileType = text.xcconfig; name = "Pods-TechMonsterOnlineUITests.release.xcconfig"; path = "Pods/Target Support Files/Pods-TechMonsterOnlineUITests/Pods-TechMonsterOnlineUITests.release.xcconfig"; sourceTree = "<group>"; };
		BCC1581BA99B815D5BE472F5 /* Pods-TechMonsterOnline.release.xcconfig */ = {isa = PBXFileReference; includeInIndex = 1; lastKnownFileType = text.xcconfig; name = "Pods-TechMonsterOnline.release.xcconfig"; path = "Pods/Target Support Files/Pods-TechMonsterOnline/Pods-TechMonsterOnline.release.xcconfig"; sourceTree = "<group>"; };
		D27BB58506511FFE64F6E110 /* Pods_TechMonsterOnline.framework */ = {isa = PBXFileReference; explicitFileType = wrapper.framework; includeInIndex = 0; path = Pods_TechMonsterOnline.framework; sourceTree = BUILT_PRODUCTS_DIR; };
/* End PBXFileReference section */

/* Begin PBXFrameworksBuildPhase section */
		664ADE042327C2C30034AECC /* Frameworks */ = {
			isa = PBXFrameworksBuildPhase;
			buildActionMask = 2147483647;
			files = (
				02F3C22668A9C1A440023DF3 /* Pods_TechMonsterOnline.framework in Frameworks */,
			);
			runOnlyForDeploymentPostprocessing = 0;
		};
		664ADE1B2327C2C70034AECC /* Frameworks */ = {
			isa = PBXFrameworksBuildPhase;
			buildActionMask = 2147483647;
			files = (
				F1EA5F63333023C81A9151CF /* Pods_TechMonsterOnlineTests.framework in Frameworks */,
			);
			runOnlyForDeploymentPostprocessing = 0;
		};
		664ADE262327C2C70034AECC /* Frameworks */ = {
			isa = PBXFrameworksBuildPhase;
			buildActionMask = 2147483647;
			files = (
				E07F34FC2067F558B09227A9 /* Pods_TechMonsterOnlineUITests.framework in Frameworks */,
			);
			runOnlyForDeploymentPostprocessing = 0;
		};
/* End PBXFrameworksBuildPhase section */

/* Begin PBXGroup section */
		664ADDFE2327C2C30034AECC = {
			isa = PBXGroup;
			children = (
				664ADE092327C2C30034AECC /* TechMonsterOnline */,
				664ADE212327C2C70034AECC /* TechMonsterOnlineTests */,
				664ADE2C2327C2C70034AECC /* TechMonsterOnlineUITests */,
				664ADE082327C2C30034AECC /* Products */,
				9EA64165925226D70DE27561 /* Pods */,
				E9183FAAF7558340B2672081 /* Frameworks */,
			);
			sourceTree = "<group>";
		};
		664ADE082327C2C30034AECC /* Products */ = {
			isa = PBXGroup;
			children = (
				664ADE072327C2C30034AECC /* TechMonsterOnline.app */,
				664ADE1E2327C2C70034AECC /* TechMonsterOnlineTests.xctest */,
				664ADE292327C2C70034AECC /* TechMonsterOnlineUITests.xctest */,
			);
			name = Products;
			sourceTree = "<group>";
		};
		664ADE092327C2C30034AECC /* TechMonsterOnline */ = {
			isa = PBXGroup;
			children = (
				664ADE0A2327C2C30034AECC /* AppDelegate.swift */,
				664ADE6C2327CCE70034AECC /* LobbyViewController.swift */,
				664ADE6E2327CCFE0034AECC /* BattleViewController.swift */,
				664ADE0E2327C2C30034AECC /* Main.storyboard */,
				664ADE162327C2C70034AECC /* LaunchScreen.storyboard */,
				664ADE142327C2C60034AECC /* Assets.xcassets */,
				664ADE462327C55E0034AECC /* Models */,
				664ADE3B2327C55E0034AECC /* Resource */,
				664ADE192327C2C70034AECC /* Info.plist */,
				668375FC232A913000FF8121 /* GoogleService-Info.plist */,
				664ADE112327C2C30034AECC /* TechMonsterOnline.xcdatamodeld */,
			);
			path = TechMonsterOnline;
			sourceTree = "<group>";
		};
		664ADE212327C2C70034AECC /* TechMonsterOnlineTests */ = {
			isa = PBXGroup;
			children = (
				664ADE222327C2C70034AECC /* TechMonsterOnlineTests.swift */,
				664ADE242327C2C70034AECC /* Info.plist */,
			);
			path = TechMonsterOnlineTests;
			sourceTree = "<group>";
		};
		664ADE2C2327C2C70034AECC /* TechMonsterOnlineUITests */ = {
			isa = PBXGroup;
			children = (
				664ADE2D2327C2C70034AECC /* TechMonsterOnlineUITests.swift */,
				664ADE2F2327C2C70034AECC /* Info.plist */,
			);
			path = TechMonsterOnlineUITests;
			sourceTree = "<group>";
		};
		664ADE3B2327C55E0034AECC /* Resource */ = {
			isa = PBXGroup;
			children = (
				664ADE3D2327C55E0034AECC /* Images */,
				664ADE4A2327C55E0034AECC /* Sounds */,
				664ADE532327C55E0034AECC /* Fonts */,
			);
			path = Resource;
			sourceTree = "<group>";
		};
		664ADE3D2327C55E0034AECC /* Images */ = {
			isa = PBXGroup;
			children = (
				664ADE3E2327C55E0034AECC /* lobby.png */,
				664ADE3F2327C55E0034AECC /* battlebg.png */,
				664ADE402327C55E0034AECC /* bgimage.jpg */,
				664ADE422327C55E0034AECC /* waku.png */,
				664ADE432327C55E0034AECC /* gold_button.png */,
				664ADE442327C55E0034AECC /* yusya.png */,
				664ADE452327C55E0034AECC /* monster.png */,
			);
			path = Images;
			sourceTree = "<group>";
		};
		664ADE462327C55E0034AECC /* Models */ = {
			isa = PBXGroup;
			children = (
				664ADE482327C55E0034AECC /* TechMonManager.swift */,
				668F168F2335D68300F4F818 /* MyPlayer.swift */,
				664ADE492327C55E0034AECC /* PlayerModel.swift */,
				668F168D2335C28900F4F818 /* DBCommunicationManager.swift */,
				668F16912335FFE600F4F818 /* BattleManager.swift */,
			);
			path = Models;
			sourceTree = "<group>";
		};
		664ADE4A2327C55E0034AECC /* Sounds */ = {
			isa = PBXGroup;
			children = (
				664ADE4B2327C55E0034AECC /* SE_fanfare.mp3 */,
				664ADE4C2327C55E0034AECC /* BGM_battle001.mp3 */,
				664ADE4E2327C55E0034AECC /* SE_fire.mp3 */,
				664ADE4F2327C55E0034AECC /* SE_attack.mp3 */,
				664ADE502327C55E0034AECC /* SE_gameover.mp3 */,
				664ADE512327C55E0034AECC /* SE_charge.mp3 */,
				664ADE522327C55E0034AECC /* lobby.mp3 */,
			);
			path = Sounds;
			sourceTree = "<group>";
		};
		664ADE532327C55E0034AECC /* Fonts */ = {
			isa = PBXGroup;
			children = (
				664ADE552327C55E0034AECC /* misaki_gothic.ttf */,
			);
			path = Fonts;
			sourceTree = "<group>";
		};
		9EA64165925226D70DE27561 /* Pods */ = {
			isa = PBXGroup;
			children = (
				25CC40EE3922376B11927F8F /* Pods-TechMonsterOnline.debug.xcconfig */,
				BCC1581BA99B815D5BE472F5 /* Pods-TechMonsterOnline.release.xcconfig */,
				391A887FEED86C4757F9FEEE /* Pods-TechMonsterOnlineTests.debug.xcconfig */,
				8C022CD27EA9A3551969C424 /* Pods-TechMonsterOnlineTests.release.xcconfig */,
				977E452849E8BCD273DE3283 /* Pods-TechMonsterOnlineUITests.debug.xcconfig */,
				AFF3F1F3E1874E82ADB634E1 /* Pods-TechMonsterOnlineUITests.release.xcconfig */,
			);
			name = Pods;
			sourceTree = "<group>";
		};
		E9183FAAF7558340B2672081 /* Frameworks */ = {
			isa = PBXGroup;
			children = (
				D27BB58506511FFE64F6E110 /* Pods_TechMonsterOnline.framework */,
				36D5E54A646FE74DDC509750 /* Pods_TechMonsterOnlineTests.framework */,
				93069BB3982EE1B8F787666E /* Pods_TechMonsterOnlineUITests.framework */,
			);
			name = Frameworks;
			sourceTree = "<group>";
		};
/* End PBXGroup section */

/* Begin PBXNativeTarget section */
		664ADE062327C2C30034AECC /* TechMonsterOnline */ = {
			isa = PBXNativeTarget;
			buildConfigurationList = 664ADE322327C2C70034AECC /* Build configuration list for PBXNativeTarget "TechMonsterOnline" */;
			buildPhases = (
				22DD7035645EC5A2070BF0C1 /* [CP] Check Pods Manifest.lock */,
				664ADE032327C2C30034AECC /* Sources */,
				664ADE042327C2C30034AECC /* Frameworks */,
				664ADE052327C2C30034AECC /* Resources */,
				EFA176F921938509542E76B9 /* [CP] Embed Pods Frameworks */,
			);
			buildRules = (
			);
			dependencies = (
			);
			name = TechMonsterOnline;
			productName = TechMonsterOnline;
			productReference = 664ADE072327C2C30034AECC /* TechMonsterOnline.app */;
			productType = "com.apple.product-type.application";
		};
		664ADE1D2327C2C70034AECC /* TechMonsterOnlineTests */ = {
			isa = PBXNativeTarget;
			buildConfigurationList = 664ADE352327C2C70034AECC /* Build configuration list for PBXNativeTarget "TechMonsterOnlineTests" */;
			buildPhases = (
				BCDF52E2D897784FD4C6D6EA /* [CP] Check Pods Manifest.lock */,
				664ADE1A2327C2C70034AECC /* Sources */,
				664ADE1B2327C2C70034AECC /* Frameworks */,
				664ADE1C2327C2C70034AECC /* Resources */,
			);
			buildRules = (
			);
			dependencies = (
				664ADE202327C2C70034AECC /* PBXTargetDependency */,
			);
			name = TechMonsterOnlineTests;
			productName = TechMonsterOnlineTests;
			productReference = 664ADE1E2327C2C70034AECC /* TechMonsterOnlineTests.xctest */;
			productType = "com.apple.product-type.bundle.unit-test";
		};
		664ADE282327C2C70034AECC /* TechMonsterOnlineUITests */ = {
			isa = PBXNativeTarget;
			buildConfigurationList = 664ADE382327C2C70034AECC /* Build configuration list for PBXNativeTarget "TechMonsterOnlineUITests" */;
			buildPhases = (
				6BA49A6A4DD25CB261DB369D /* [CP] Check Pods Manifest.lock */,
				664ADE252327C2C70034AECC /* Sources */,
				664ADE262327C2C70034AECC /* Frameworks */,
				664ADE272327C2C70034AECC /* Resources */,
			);
			buildRules = (
			);
			dependencies = (
				664ADE2B2327C2C70034AECC /* PBXTargetDependency */,
			);
			name = TechMonsterOnlineUITests;
			productName = TechMonsterOnlineUITests;
			productReference = 664ADE292327C2C70034AECC /* TechMonsterOnlineUITests.xctest */;
			productType = "com.apple.product-type.bundle.ui-testing";
		};
/* End PBXNativeTarget section */

/* Begin PBXProject section */
		664ADDFF2327C2C30034AECC /* Project object */ = {
			isa = PBXProject;
			attributes = {
				LastSwiftUpdateCheck = 1030;
				LastUpgradeCheck = 1030;
				ORGANIZATIONNAME = "大林拓実";
				TargetAttributes = {
					664ADE062327C2C30034AECC = {
						CreatedOnToolsVersion = 10.3;
					};
					664ADE1D2327C2C70034AECC = {
						CreatedOnToolsVersion = 10.3;
						TestTargetID = 664ADE062327C2C30034AECC;
					};
					664ADE282327C2C70034AECC = {
						CreatedOnToolsVersion = 10.3;
						TestTargetID = 664ADE062327C2C30034AECC;
					};
				};
			};
			buildConfigurationList = 664ADE022327C2C30034AECC /* Build configuration list for PBXProject "TechMonsterOnline" */;
			compatibilityVersion = "Xcode 9.3";
			developmentRegion = en;
			hasScannedForEncodings = 0;
			knownRegions = (
				en,
				Base,
			);
			mainGroup = 664ADDFE2327C2C30034AECC;
			productRefGroup = 664ADE082327C2C30034AECC /* Products */;
			projectDirPath = "";
			projectRoot = "";
			targets = (
				664ADE062327C2C30034AECC /* TechMonsterOnline */,
				664ADE1D2327C2C70034AECC /* TechMonsterOnlineTests */,
				664ADE282327C2C70034AECC /* TechMonsterOnlineUITests */,
			);
		};
/* End PBXProject section */

/* Begin PBXResourcesBuildPhase section */
		664ADE052327C2C30034AECC /* Resources */ = {
			isa = PBXResourcesBuildPhase;
			buildActionMask = 2147483647;
			files = (
				664ADE682327C55E0034AECC /* SE_charge.mp3 in Resources */,
				664ADE692327C55E0034AECC /* lobby.mp3 in Resources */,
				664ADE592327C55E0034AECC /* bgimage.jpg in Resources */,
				664ADE182327C2C70034AECC /* LaunchScreen.storyboard in Resources */,
				664ADE5E2327C55E0034AECC /* monster.png in Resources */,
				664ADE632327C55E0034AECC /* BGM_battle001.mp3 in Resources */,
				664ADE5B2327C55E0034AECC /* waku.png in Resources */,
				664ADE6B2327C55E0034AECC /* misaki_gothic.ttf in Resources */,
				664ADE652327C55E0034AECC /* SE_fire.mp3 in Resources */,
				664ADE5C2327C55E0034AECC /* gold_button.png in Resources */,
				664ADE622327C55E0034AECC /* SE_fanfare.mp3 in Resources */,
				668375FD232A913000FF8121 /* GoogleService-Info.plist in Resources */,
				664ADE152327C2C60034AECC /* Assets.xcassets in Resources */,
				664ADE5D2327C55E0034AECC /* yusya.png in Resources */,
				664ADE102327C2C30034AECC /* Main.storyboard in Resources */,
				664ADE662327C55E0034AECC /* SE_attack.mp3 in Resources */,
				664ADE582327C55E0034AECC /* battlebg.png in Resources */,
				664ADE672327C55E0034AECC /* SE_gameover.mp3 in Resources */,
				664ADE572327C55E0034AECC /* lobby.png in Resources */,
			);
			runOnlyForDeploymentPostprocessing = 0;
		};
		664ADE1C2327C2C70034AECC /* Resources */ = {
			isa = PBXResourcesBuildPhase;
			buildActionMask = 2147483647;
			files = (
			);
			runOnlyForDeploymentPostprocessing = 0;
		};
		664ADE272327C2C70034AECC /* Resources */ = {
			isa = PBXResourcesBuildPhase;
			buildActionMask = 2147483647;
			files = (
			);
			runOnlyForDeploymentPostprocessing = 0;
		};
/* End PBXResourcesBuildPhase section */

/* Begin PBXShellScriptBuildPhase section */
		22DD7035645EC5A2070BF0C1 /* [CP] Check Pods Manifest.lock */ = {
			isa = PBXShellScriptBuildPhase;
			buildActionMask = 2147483647;
			files = (
			);
			inputPaths = (
				"${PODS_PODFILE_DIR_PATH}/Podfile.lock",
				"${PODS_ROOT}/Manifest.lock",
			);
			name = "[CP] Check Pods Manifest.lock";
			outputPaths = (
				"$(DERIVED_FILE_DIR)/Pods-TechMonsterOnline-checkManifestLockResult.txt",
			);
			runOnlyForDeploymentPostprocessing = 0;
			shellPath = /bin/sh;
			shellScript = "diff \"${PODS_PODFILE_DIR_PATH}/Podfile.lock\" \"${PODS_ROOT}/Manifest.lock\" > /dev/null\nif [ $? != 0 ] ; then\n    # print error to STDERR\n    echo \"error: The sandbox is not in sync with the Podfile.lock. Run 'pod install' or update your CocoaPods installation.\" >&2\n    exit 1\nfi\n# This output is used by Xcode 'outputs' to avoid re-running this script phase.\necho \"SUCCESS\" > \"${SCRIPT_OUTPUT_FILE_0}\"\n";
			showEnvVarsInLog = 0;
		};
		6BA49A6A4DD25CB261DB369D /* [CP] Check Pods Manifest.lock */ = {
			isa = PBXShellScriptBuildPhase;
			buildActionMask = 2147483647;
			files = (
			);
			inputPaths = (
				"${PODS_PODFILE_DIR_PATH}/Podfile.lock",
				"${PODS_ROOT}/Manifest.lock",
			);
			name = "[CP] Check Pods Manifest.lock";
			outputPaths = (
				"$(DERIVED_FILE_DIR)/Pods-TechMonsterOnlineUITests-checkManifestLockResult.txt",
			);
			runOnlyForDeploymentPostprocessing = 0;
			shellPath = /bin/sh;
			shellScript = "diff \"${PODS_PODFILE_DIR_PATH}/Podfile.lock\" \"${PODS_ROOT}/Manifest.lock\" > /dev/null\nif [ $? != 0 ] ; then\n    # print error to STDERR\n    echo \"error: The sandbox is not in sync with the Podfile.lock. Run 'pod install' or update your CocoaPods installation.\" >&2\n    exit 1\nfi\n# This output is used by Xcode 'outputs' to avoid re-running this script phase.\necho \"SUCCESS\" > \"${SCRIPT_OUTPUT_FILE_0}\"\n";
			showEnvVarsInLog = 0;
		};
		BCDF52E2D897784FD4C6D6EA /* [CP] Check Pods Manifest.lock */ = {
			isa = PBXShellScriptBuildPhase;
			buildActionMask = 2147483647;
			files = (
			);
			inputPaths = (
				"${PODS_PODFILE_DIR_PATH}/Podfile.lock",
				"${PODS_ROOT}/Manifest.lock",
			);
			name = "[CP] Check Pods Manifest.lock";
			outputPaths = (
				"$(DERIVED_FILE_DIR)/Pods-TechMonsterOnlineTests-checkManifestLockResult.txt",
			);
			runOnlyForDeploymentPostprocessing = 0;
			shellPath = /bin/sh;
			shellScript = "diff \"${PODS_PODFILE_DIR_PATH}/Podfile.lock\" \"${PODS_ROOT}/Manifest.lock\" > /dev/null\nif [ $? != 0 ] ; then\n    # print error to STDERR\n    echo \"error: The sandbox is not in sync with the Podfile.lock. Run 'pod install' or update your CocoaPods installation.\" >&2\n    exit 1\nfi\n# This output is used by Xcode 'outputs' to avoid re-running this script phase.\necho \"SUCCESS\" > \"${SCRIPT_OUTPUT_FILE_0}\"\n";
			showEnvVarsInLog = 0;
		};
		EFA176F921938509542E76B9 /* [CP] Embed Pods Frameworks */ = {
			isa = PBXShellScriptBuildPhase;
			buildActionMask = 2147483647;
			files = (
			);
			inputPaths = (
				"${SRCROOT}/Pods/Target Support Files/Pods-TechMonsterOnline/Pods-TechMonsterOnline-frameworks.sh",
				"${BUILT_PRODUCTS_DIR}/BoringSSL-GRPC/openssl_grpc.framework",
				"${BUILT_PRODUCTS_DIR}/GTMSessionFetcher/GTMSessionFetcher.framework",
				"${BUILT_PRODUCTS_DIR}/GoogleUtilities/GoogleUtilities.framework",
				"${BUILT_PRODUCTS_DIR}/NVActivityIndicatorView/NVActivityIndicatorView.framework",
				"${BUILT_PRODUCTS_DIR}/Protobuf/Protobuf.framework",
				"${BUILT_PRODUCTS_DIR}/gRPC-C++/grpcpp.framework",
				"${BUILT_PRODUCTS_DIR}/gRPC-Core/grpc.framework",
				"${BUILT_PRODUCTS_DIR}/leveldb-library/leveldb.framework",
				"${BUILT_PRODUCTS_DIR}/nanopb/nanopb.framework",
			);
			name = "[CP] Embed Pods Frameworks";
			outputPaths = (
				"${TARGET_BUILD_DIR}/${FRAMEWORKS_FOLDER_PATH}/openssl_grpc.framework",
				"${TARGET_BUILD_DIR}/${FRAMEWORKS_FOLDER_PATH}/GTMSessionFetcher.framework",
				"${TARGET_BUILD_DIR}/${FRAMEWORKS_FOLDER_PATH}/GoogleUtilities.framework",
				"${TARGET_BUILD_DIR}/${FRAMEWORKS_FOLDER_PATH}/NVActivityIndicatorView.framework",
				"${TARGET_BUILD_DIR}/${FRAMEWORKS_FOLDER_PATH}/Protobuf.framework",
				"${TARGET_BUILD_DIR}/${FRAMEWORKS_FOLDER_PATH}/grpcpp.framework",
				"${TARGET_BUILD_DIR}/${FRAMEWORKS_FOLDER_PATH}/grpc.framework",
				"${TARGET_BUILD_DIR}/${FRAMEWORKS_FOLDER_PATH}/leveldb.framework",
				"${TARGET_BUILD_DIR}/${FRAMEWORKS_FOLDER_PATH}/nanopb.framework",
			);
			runOnlyForDeploymentPostprocessing = 0;
			shellPath = /bin/sh;
			shellScript = "\"${SRCROOT}/Pods/Target Support Files/Pods-TechMonsterOnline/Pods-TechMonsterOnline-frameworks.sh\"\n";
			showEnvVarsInLog = 0;
		};
/* End PBXShellScriptBuildPhase section */

/* Begin PBXSourcesBuildPhase section */
		664ADE032327C2C30034AECC /* Sources */ = {
			isa = PBXSourcesBuildPhase;
			buildActionMask = 2147483647;
			files = (
				668F16922335FFE600F4F818 /* BattleManager.swift in Sources */,
				664ADE6F2327CCFE0034AECC /* BattleViewController.swift in Sources */,
				664ADE602327C55E0034AECC /* TechMonManager.swift in Sources */,
				668F168E2335C28900F4F818 /* DBCommunicationManager.swift in Sources */,
				664ADE612327C55E0034AECC /* PlayerModel.swift in Sources */,
				668F16902335D68300F4F818 /* MyPlayer.swift in Sources */,
				664ADE6D2327CCE70034AECC /* LobbyViewController.swift in Sources */,
				664ADE0B2327C2C30034AECC /* AppDelegate.swift in Sources */,
				664ADE132327C2C30034AECC /* TechMonsterOnline.xcdatamodeld in Sources */,
			);
			runOnlyForDeploymentPostprocessing = 0;
		};
		664ADE1A2327C2C70034AECC /* Sources */ = {
			isa = PBXSourcesBuildPhase;
			buildActionMask = 2147483647;
			files = (
				664ADE232327C2C70034AECC /* TechMonsterOnlineTests.swift in Sources */,
			);
			runOnlyForDeploymentPostprocessing = 0;
		};
		664ADE252327C2C70034AECC /* Sources */ = {
			isa = PBXSourcesBuildPhase;
			buildActionMask = 2147483647;
			files = (
				664ADE2E2327C2C70034AECC /* TechMonsterOnlineUITests.swift in Sources */,
			);
			runOnlyForDeploymentPostprocessing = 0;
		};
/* End PBXSourcesBuildPhase section */

/* Begin PBXTargetDependency section */
		664ADE202327C2C70034AECC /* PBXTargetDependency */ = {
			isa = PBXTargetDependency;
			target = 664ADE062327C2C30034AECC /* TechMonsterOnline */;
			targetProxy = 664ADE1F2327C2C70034AECC /* PBXContainerItemProxy */;
		};
		664ADE2B2327C2C70034AECC /* PBXTargetDependency */ = {
			isa = PBXTargetDependency;
			target = 664ADE062327C2C30034AECC /* TechMonsterOnline */;
			targetProxy = 664ADE2A2327C2C70034AECC /* PBXContainerItemProxy */;
		};
/* End PBXTargetDependency section */

/* Begin PBXVariantGroup section */
		664ADE0E2327C2C30034AECC /* Main.storyboard */ = {
			isa = PBXVariantGroup;
			children = (
				664ADE0F2327C2C30034AECC /* Base */,
			);
			name = Main.storyboard;
			sourceTree = "<group>";
		};
		664ADE162327C2C70034AECC /* LaunchScreen.storyboard */ = {
			isa = PBXVariantGroup;
			children = (
				664ADE172327C2C70034AECC /* Base */,
			);
			name = LaunchScreen.storyboard;
			sourceTree = "<group>";
		};
/* End PBXVariantGroup section */

/* Begin XCBuildConfiguration section */
		664ADE302327C2C70034AECC /* Debug */ = {
			isa = XCBuildConfiguration;
			buildSettings = {
				ALWAYS_SEARCH_USER_PATHS = NO;
				CLANG_ANALYZER_NONNULL = YES;
				CLANG_ANALYZER_NUMBER_OBJECT_CONVERSION = YES_AGGRESSIVE;
				CLANG_CXX_LANGUAGE_STANDARD = "gnu++14";
				CLANG_CXX_LIBRARY = "libc++";
				CLANG_ENABLE_MODULES = YES;
				CLANG_ENABLE_OBJC_ARC = YES;
				CLANG_ENABLE_OBJC_WEAK = YES;
				CLANG_WARN_BLOCK_CAPTURE_AUTORELEASING = YES;
				CLANG_WARN_BOOL_CONVERSION = YES;
				CLANG_WARN_COMMA = YES;
				CLANG_WARN_CONSTANT_CONVERSION = YES;
				CLANG_WARN_DEPRECATED_OBJC_IMPLEMENTATIONS = YES;
				CLANG_WARN_DIRECT_OBJC_ISA_USAGE = YES_ERROR;
				CLANG_WARN_DOCUMENTATION_COMMENTS = YES;
				CLANG_WARN_EMPTY_BODY = YES;
				CLANG_WARN_ENUM_CONVERSION = YES;
				CLANG_WARN_INFINITE_RECURSION = YES;
				CLANG_WARN_INT_CONVERSION = YES;
				CLANG_WARN_NON_LITERAL_NULL_CONVERSION = YES;
				CLANG_WARN_OBJC_IMPLICIT_RETAIN_SELF = YES;
				CLANG_WARN_OBJC_LITERAL_CONVERSION = YES;
				CLANG_WARN_OBJC_ROOT_CLASS = YES_ERROR;
				CLANG_WARN_RANGE_LOOP_ANALYSIS = YES;
				CLANG_WARN_STRICT_PROTOTYPES = YES;
				CLANG_WARN_SUSPICIOUS_MOVE = YES;
				CLANG_WARN_UNGUARDED_AVAILABILITY = YES_AGGRESSIVE;
				CLANG_WARN_UNREACHABLE_CODE = YES;
				CLANG_WARN__DUPLICATE_METHOD_MATCH = YES;
				CODE_SIGN_IDENTITY = "iPhone Developer";
				COPY_PHASE_STRIP = NO;
				DEBUG_INFORMATION_FORMAT = dwarf;
				ENABLE_STRICT_OBJC_MSGSEND = YES;
				ENABLE_TESTABILITY = YES;
				GCC_C_LANGUAGE_STANDARD = gnu11;
				GCC_DYNAMIC_NO_PIC = NO;
				GCC_NO_COMMON_BLOCKS = YES;
				GCC_OPTIMIZATION_LEVEL = 0;
				GCC_PREPROCESSOR_DEFINITIONS = (
					"DEBUG=1",
					"$(inherited)",
				);
				GCC_WARN_64_TO_32_BIT_CONVERSION = YES;
				GCC_WARN_ABOUT_RETURN_TYPE = YES_ERROR;
				GCC_WARN_UNDECLARED_SELECTOR = YES;
				GCC_WARN_UNINITIALIZED_AUTOS = YES_AGGRESSIVE;
				GCC_WARN_UNUSED_FUNCTION = YES;
				GCC_WARN_UNUSED_VARIABLE = YES;
				IPHONEOS_DEPLOYMENT_TARGET = 12.4;
				MTL_ENABLE_DEBUG_INFO = INCLUDE_SOURCE;
				MTL_FAST_MATH = YES;
				ONLY_ACTIVE_ARCH = YES;
				SDKROOT = iphoneos;
				SWIFT_ACTIVE_COMPILATION_CONDITIONS = DEBUG;
				SWIFT_OPTIMIZATION_LEVEL = "-Onone";
			};
			name = Debug;
		};
		664ADE312327C2C70034AECC /* Release */ = {
			isa = XCBuildConfiguration;
			buildSettings = {
				ALWAYS_SEARCH_USER_PATHS = NO;
				CLANG_ANALYZER_NONNULL = YES;
				CLANG_ANALYZER_NUMBER_OBJECT_CONVERSION = YES_AGGRESSIVE;
				CLANG_CXX_LANGUAGE_STANDARD = "gnu++14";
				CLANG_CXX_LIBRARY = "libc++";
				CLANG_ENABLE_MODULES = YES;
				CLANG_ENABLE_OBJC_ARC = YES;
				CLANG_ENABLE_OBJC_WEAK = YES;
				CLANG_WARN_BLOCK_CAPTURE_AUTORELEASING = YES;
				CLANG_WARN_BOOL_CONVERSION = YES;
				CLANG_WARN_COMMA = YES;
				CLANG_WARN_CONSTANT_CONVERSION = YES;
				CLANG_WARN_DEPRECATED_OBJC_IMPLEMENTATIONS = YES;
				CLANG_WARN_DIRECT_OBJC_ISA_USAGE = YES_ERROR;
				CLANG_WARN_DOCUMENTATION_COMMENTS = YES;
				CLANG_WARN_EMPTY_BODY = YES;
				CLANG_WARN_ENUM_CONVERSION = YES;
				CLANG_WARN_INFINITE_RECURSION = YES;
				CLANG_WARN_INT_CONVERSION = YES;
				CLANG_WARN_NON_LITERAL_NULL_CONVERSION = YES;
				CLANG_WARN_OBJC_IMPLICIT_RETAIN_SELF = YES;
				CLANG_WARN_OBJC_LITERAL_CONVERSION = YES;
				CLANG_WARN_OBJC_ROOT_CLASS = YES_ERROR;
				CLANG_WARN_RANGE_LOOP_ANALYSIS = YES;
				CLANG_WARN_STRICT_PROTOTYPES = YES;
				CLANG_WARN_SUSPICIOUS_MOVE = YES;
				CLANG_WARN_UNGUARDED_AVAILABILITY = YES_AGGRESSIVE;
				CLANG_WARN_UNREACHABLE_CODE = YES;
				CLANG_WARN__DUPLICATE_METHOD_MATCH = YES;
				CODE_SIGN_IDENTITY = "iPhone Developer";
				COPY_PHASE_STRIP = NO;
				DEBUG_INFORMATION_FORMAT = "dwarf-with-dsym";
				ENABLE_NS_ASSERTIONS = NO;
				ENABLE_STRICT_OBJC_MSGSEND = YES;
				GCC_C_LANGUAGE_STANDARD = gnu11;
				GCC_NO_COMMON_BLOCKS = YES;
				GCC_WARN_64_TO_32_BIT_CONVERSION = YES;
				GCC_WARN_ABOUT_RETURN_TYPE = YES_ERROR;
				GCC_WARN_UNDECLARED_SELECTOR = YES;
				GCC_WARN_UNINITIALIZED_AUTOS = YES_AGGRESSIVE;
				GCC_WARN_UNUSED_FUNCTION = YES;
				GCC_WARN_UNUSED_VARIABLE = YES;
				IPHONEOS_DEPLOYMENT_TARGET = 12.4;
				MTL_ENABLE_DEBUG_INFO = NO;
				MTL_FAST_MATH = YES;
				SDKROOT = iphoneos;
				SWIFT_COMPILATION_MODE = wholemodule;
				SWIFT_OPTIMIZATION_LEVEL = "-O";
				VALIDATE_PRODUCT = YES;
			};
			name = Release;
		};
		664ADE332327C2C70034AECC /* Debug */ = {
			isa = XCBuildConfiguration;
			baseConfigurationReference = 25CC40EE3922376B11927F8F /* Pods-TechMonsterOnline.debug.xcconfig */;
			buildSettings = {
				ASSETCATALOG_COMPILER_APPICON_NAME = AppIcon;
				CODE_SIGN_STYLE = Automatic;
				DEVELOPMENT_TEAM = 6JB2SDQGN3;
				INFOPLIST_FILE = TechMonsterOnline/Info.plist;
				IPHONEOS_DEPLOYMENT_TARGET = 12.2;
				LD_RUNPATH_SEARCH_PATHS = (
					"$(inherited)",
					"@executable_path/Frameworks",
				);
				PRODUCT_BUNDLE_IDENTIFIER = com.takumiobayashi.TechMonsterOnline;
				PRODUCT_NAME = "$(TARGET_NAME)";
				SWIFT_VERSION = 5.0;
				TARGETED_DEVICE_FAMILY = "1,2";
			};
			name = Debug;
		};
		664ADE342327C2C70034AECC /* Release */ = {
			isa = XCBuildConfiguration;
			baseConfigurationReference = BCC1581BA99B815D5BE472F5 /* Pods-TechMonsterOnline.release.xcconfig */;
			buildSettings = {
				ASSETCATALOG_COMPILER_APPICON_NAME = AppIcon;
				CODE_SIGN_STYLE = Automatic;
				DEVELOPMENT_TEAM = 6JB2SDQGN3;
				INFOPLIST_FILE = TechMonsterOnline/Info.plist;
				IPHONEOS_DEPLOYMENT_TARGET = 12.2;
				LD_RUNPATH_SEARCH_PATHS = (
					"$(inherited)",
					"@executable_path/Frameworks",
				);
				PRODUCT_BUNDLE_IDENTIFIER = com.takumiobayashi.TechMonsterOnline;
				PRODUCT_NAME = "$(TARGET_NAME)";
				SWIFT_VERSION = 5.0;
				TARGETED_DEVICE_FAMILY = "1,2";
			};
			name = Release;
		};
		664ADE362327C2C70034AECC /* Debug */ = {
			isa = XCBuildConfiguration;
			baseConfigurationReference = 391A887FEED86C4757F9FEEE /* Pods-TechMonsterOnlineTests.debug.xcconfig */;
			buildSettings = {
				ALWAYS_EMBED_SWIFT_STANDARD_LIBRARIES = YES;
				BUNDLE_LOADER = "$(TEST_HOST)";
				CODE_SIGN_STYLE = Automatic;
				DEVELOPMENT_TEAM = 6JB2SDQGN3;
				INFOPLIST_FILE = TechMonsterOnlineTests/Info.plist;
				LD_RUNPATH_SEARCH_PATHS = (
					"$(inherited)",
					"@executable_path/Frameworks",
					"@loader_path/Frameworks",
				);
				PRODUCT_BUNDLE_IDENTIFIER = com.takumiobayashi.TechMonsterOnlineTests;
				PRODUCT_NAME = "$(TARGET_NAME)";
				SWIFT_VERSION = 5.0;
				TARGETED_DEVICE_FAMILY = "1,2";
				TEST_HOST = "$(BUILT_PRODUCTS_DIR)/TechMonsterOnline.app/TechMonsterOnline";
			};
			name = Debug;
		};
		664ADE372327C2C70034AECC /* Release */ = {
			isa = XCBuildConfiguration;
			baseConfigurationReference = 8C022CD27EA9A3551969C424 /* Pods-TechMonsterOnlineTests.release.xcconfig */;
			buildSettings = {
				ALWAYS_EMBED_SWIFT_STANDARD_LIBRARIES = YES;
				BUNDLE_LOADER = "$(TEST_HOST)";
				CODE_SIGN_STYLE = Automatic;
				DEVELOPMENT_TEAM = 6JB2SDQGN3;
				INFOPLIST_FILE = TechMonsterOnlineTests/Info.plist;
				LD_RUNPATH_SEARCH_PATHS = (
					"$(inherited)",
					"@executable_path/Frameworks",
					"@loader_path/Frameworks",
				);
				PRODUCT_BUNDLE_IDENTIFIER = com.takumiobayashi.TechMonsterOnlineTests;
				PRODUCT_NAME = "$(TARGET_NAME)";
				SWIFT_VERSION = 5.0;
				TARGETED_DEVICE_FAMILY = "1,2";
				TEST_HOST = "$(BUILT_PRODUCTS_DIR)/TechMonsterOnline.app/TechMonsterOnline";
			};
			name = Release;
		};
		664ADE392327C2C70034AECC /* Debug */ = {
			isa = XCBuildConfiguration;
			baseConfigurationReference = 977E452849E8BCD273DE3283 /* Pods-TechMonsterOnlineUITests.debug.xcconfig */;
			buildSettings = {
				ALWAYS_EMBED_SWIFT_STANDARD_LIBRARIES = YES;
				CODE_SIGN_STYLE = Automatic;
				DEVELOPMENT_TEAM = 6JB2SDQGN3;
				INFOPLIST_FILE = TechMonsterOnlineUITests/Info.plist;
				LD_RUNPATH_SEARCH_PATHS = (
					"$(inherited)",
					"@executable_path/Frameworks",
					"@loader_path/Frameworks",
				);
				PRODUCT_BUNDLE_IDENTIFIER = com.takumiobayashi.TechMonsterOnlineUITests;
				PRODUCT_NAME = "$(TARGET_NAME)";
				SWIFT_VERSION = 5.0;
				TARGETED_DEVICE_FAMILY = "1,2";
				TEST_TARGET_NAME = TechMonsterOnline;
			};
			name = Debug;
		};
		664ADE3A2327C2C70034AECC /* Release */ = {
			isa = XCBuildConfiguration;
			baseConfigurationReference = AFF3F1F3E1874E82ADB634E1 /* Pods-TechMonsterOnlineUITests.release.xcconfig */;
			buildSettings = {
				ALWAYS_EMBED_SWIFT_STANDARD_LIBRARIES = YES;
				CODE_SIGN_STYLE = Automatic;
				DEVELOPMENT_TEAM = 6JB2SDQGN3;
				INFOPLIST_FILE = TechMonsterOnlineUITests/Info.plist;
				LD_RUNPATH_SEARCH_PATHS = (
					"$(inherited)",
					"@executable_path/Frameworks",
					"@loader_path/Frameworks",
				);
				PRODUCT_BUNDLE_IDENTIFIER = com.takumiobayashi.TechMonsterOnlineUITests;
				PRODUCT_NAME = "$(TARGET_NAME)";
				SWIFT_VERSION = 5.0;
				TARGETED_DEVICE_FAMILY = "1,2";
				TEST_TARGET_NAME = TechMonsterOnline;
			};
			name = Release;
		};
/* End XCBuildConfiguration section */

/* Begin XCConfigurationList section */
		664ADE022327C2C30034AECC /* Build configuration list for PBXProject "TechMonsterOnline" */ = {
			isa = XCConfigurationList;
			buildConfigurations = (
				664ADE302327C2C70034AECC /* Debug */,
				664ADE312327C2C70034AECC /* Release */,
			);
			defaultConfigurationIsVisible = 0;
			defaultConfigurationName = Release;
		};
		664ADE322327C2C70034AECC /* Build configuration list for PBXNativeTarget "TechMonsterOnline" */ = {
			isa = XCConfigurationList;
			buildConfigurations = (
				664ADE332327C2C70034AECC /* Debug */,
				664ADE342327C2C70034AECC /* Release */,
			);
			defaultConfigurationIsVisible = 0;
			defaultConfigurationName = Release;
		};
		664ADE352327C2C70034AECC /* Build configuration list for PBXNativeTarget "TechMonsterOnlineTests" */ = {
			isa = XCConfigurationList;
			buildConfigurations = (
				664ADE362327C2C70034AECC /* Debug */,
				664ADE372327C2C70034AECC /* Release */,
			);
			defaultConfigurationIsVisible = 0;
			defaultConfigurationName = Release;
		};
		664ADE382327C2C70034AECC /* Build configuration list for PBXNativeTarget "TechMonsterOnlineUITests" */ = {
			isa = XCConfigurationList;
			buildConfigurations = (
				664ADE392327C2C70034AECC /* Debug */,
				664ADE3A2327C2C70034AECC /* Release */,
			);
			defaultConfigurationIsVisible = 0;
			defaultConfigurationName = Release;
		};
/* End XCConfigurationList section */

/* Begin XCVersionGroup section */
		664ADE112327C2C30034AECC /* TechMonsterOnline.xcdatamodeld */ = {
			isa = XCVersionGroup;
			children = (
				664ADE122327C2C30034AECC /* TechMonsterOnline.xcdatamodel */,
			);
			currentVersion = 664ADE122327C2C30034AECC /* TechMonsterOnline.xcdatamodel */;
			path = TechMonsterOnline.xcdatamodeld;
			sourceTree = "<group>";
			versionGroupType = wrapper.xcdatamodel;
		};
/* End XCVersionGroup section */
	};
	rootObject = 664ADDFF2327C2C30034AECC /* Project object */;
}
